
Microsoft Visual Studio Solution File, Format Version 12.00
# Visual Studio Version 16
VisualStudioVersion = 16.0.31829.152
MinimumVisualStudioVersion = 10.0.40219.1
Project("{2150E333-8FDC-42A3-9474-1A3956D46DE8}") = "Services", "Services", "{CB25322D-E136-4263-BF0F-90BD8309867C}"
EndProject
Project("{2150E333-8FDC-42A3-9474-1A3956D46DE8}") = "Catalog", "Catalog", "{EDE1D872-91FB-4983-8833-DDF0E79A0F27}"
EndProject
Project("{9A19103F-16F7-4668-BE54-9A1E7A4F7556}") = "FreeCourseServices.Catalog", "Services\Catalog\FreeCourseServicesCatalog\FreeCourseServices.Catalog.csproj", "{E94D6FFB-1C99-44C2-84E9-2A62664C1B97}"
EndProject
Project("{2150E333-8FDC-42A3-9474-1A3956D46DE8}") = "Solution Items", "Solution Items", "{EBC69EBB-6762-4833-9773-D39EA61EAD10}"
	ProjectSection(SolutionItems) = preProject
		Ports.txt = Ports.txt
	EndProjectSection
EndProject
Project("{2150E333-8FDC-42A3-9474-1A3956D46DE8}") = "Shared", "Shared", "{89ACC9D1-646F-4DE8-B477-B0D371F84B9D}"
EndProject
Project("{9A19103F-16F7-4668-BE54-9A1E7A4F7556}") = "FreeCourse.Shared", "Shared\FreeCourse.Shared\FreeCourse.Shared.csproj", "{2167F289-C80B-40DE-BC97-98210A5B4CD7}"
EndProject
Project("{2150E333-8FDC-42A3-9474-1A3956D46DE8}") = "IdentityServer", "IdentityServer", "{194A31B6-8DFC-4FA9-A779-8073A6AF9DFE}"
EndProject
Project("{9A19103F-16F7-4668-BE54-9A1E7A4F7556}") = "FreeCourse.IdentityServer", "IdentityServer\FreeCourse.IdentityServer\FreeCourse.IdentityServer.csproj", "{3ADF1960-AB92-4771-BBB3-502537622AE7}"
EndProject
Project("{2150E333-8FDC-42A3-9474-1A3956D46DE8}") = "PhotoStock", "PhotoStock", "{E3A917DD-B0F7-4927-8613-F6A48E6EDF0D}"
EndProject
Project("{9A19103F-16F7-4668-BE54-9A1E7A4F7556}") = "FreeCourseServices.PhotoStock", "Services\PhotoStock\FreeCourseServices.PhotoStock\FreeCourseServices.PhotoStock.csproj", "{6BAD100A-0436-4DCA-900C-4D66A4CB91B2}"
EndProject
Project("{2150E333-8FDC-42A3-9474-1A3956D46DE8}") = "Basket", "Basket", "{77BC0578-4250-4486-9BB3-1A4DF2765121}"
EndProject
Project("{9A19103F-16F7-4668-BE54-9A1E7A4F7556}") = "FreeCourseServices.Basket", "Services\Basket\FreeCourseServices.Basket\FreeCourseServices.Basket.csproj", "{4F857AA7-90B0-42B9-AB34-7BCAF91492AF}"
EndProject
Project("{2150E333-8FDC-42A3-9474-1A3956D46DE8}") = "Discount", "Discount", "{A5C6C28F-E53A-4034-8713-68F8F42A851A}"
EndProject
Project("{9A19103F-16F7-4668-BE54-9A1E7A4F7556}") = "FreeCourseServices.Discount", "Services\Discount\FreeCourseServices.Discount\FreeCourseServices.Discount.csproj", "{06E0DC77-EF20-426D-8D48-CFBA6D6F8777}"
EndProject
Project("{2150E333-8FDC-42A3-9474-1A3956D46DE8}") = "Order", "Order", "{F4E5C40D-267D-4FED-8C38-42E8C11A8DB8}"
EndProject
Project("{9A19103F-16F7-4668-BE54-9A1E7A4F7556}") = "FreeCourseServices.OrderAPI", "Services\Order\FreeCourseServices.OrderAPI\FreeCourseServices.OrderAPI.csproj", "{0EFDD780-4E6F-4541-A7B0-37B015E77E80}"
EndProject
Project("{9A19103F-16F7-4668-BE54-9A1E7A4F7556}") = "FreeCourseServices.OrderApplication", "Services\Order\FreeCourseServices.OrderApplication\FreeCourseServices.OrderApplication.csproj", "{0EF7D099-F74F-4CA6-835A-AC19A8CDF139}"
EndProject
Project("{9A19103F-16F7-4668-BE54-9A1E7A4F7556}") = "FreeCourseServices.OrderDomain", "Services\Order\FreeCourseServices.OrderDomain\FreeCourseServices.OrderDomain.csproj", "{05F81FAF-5353-473A-A458-5F3EEF14AC23}"
EndProject
Project("{9A19103F-16F7-4668-BE54-9A1E7A4F7556}") = "FreeCourseServices.OrderDomainCore", "Services\Order\FreeCourseServices.OrderDomainCore\FreeCourseServices.OrderDomainCore.csproj", "{1D468D49-3294-430C-A69D-55152EA8BD6F}"
EndProject
Project("{9A19103F-16F7-4668-BE54-9A1E7A4F7556}") = "FreeCourseServices.OrderInfrastructure", "Services\Order\FreeCourseServices.OrderInfrastructure\FreeCourseServices.OrderInfrastructure.csproj", "{602D1BBF-B912-466B-A9C6-6DCADBF87291}"
EndProject
Project("{2150E333-8FDC-42A3-9474-1A3956D46DE8}") = "FakePayment", "FakePayment", "{6CFE8318-C6D9-4F20-ACC6-9664EB827C8C}"
EndProject
Project("{9A19103F-16F7-4668-BE54-9A1E7A4F7556}") = "FreeCourseServices.FakePayment", "Services\FakePayment\FreeCourseServices.FakePayment\FreeCourseServices.FakePayment.csproj", "{1BF39A34-103C-41DE-995F-C7BBFE03A9DA}"
EndProject
Project("{2150E333-8FDC-42A3-9474-1A3956D46DE8}") = "Gateways", "Gateways", "{05D2C455-4B27-4BD7-AB3B-1825084664F7}"
EndProject
Project("{9A19103F-16F7-4668-BE54-9A1E7A4F7556}") = "FreeCourse.Gateway", "FreeCourse.Gateway\FreeCourse.Gateway.csproj", "{63939537-3051-4BEA-A417-776E95A9CED7}"
EndProject
Project("{2150E333-8FDC-42A3-9474-1A3956D46DE8}") = "Frontends", "Frontends", "{F566AC8C-8FBD-4AA4-A6E4-A3AC5D842415}"
EndProject
Project("{FAE04EC0-301F-11D3-BF4B-00C04F79EFBC}") = "FreeCourse.WebUI", "Frontends\FreeCourse.WebUI\FreeCourse.WebUI.csproj", "{A3050F16-68A7-43B5-834F-04CED928B052}"
EndProject
Global
	GlobalSection(SolutionConfigurationPlatforms) = preSolution
		Debug|Any CPU = Debug|Any CPU
		Release|Any CPU = Release|Any CPU
	EndGlobalSection
	GlobalSection(ProjectConfigurationPlatforms) = postSolution
		{E94D6FFB-1C99-44C2-84E9-2A62664C1B97}.Debug|Any CPU.ActiveCfg = Debug|Any CPU
		{E94D6FFB-1C99-44C2-84E9-2A62664C1B97}.Debug|Any CPU.Build.0 = Debug|Any CPU
		{E94D6FFB-1C99-44C2-84E9-2A62664C1B97}.Release|Any CPU.ActiveCfg = Release|Any CPU
		{E94D6FFB-1C99-44C2-84E9-2A62664C1B97}.Release|Any CPU.Build.0 = Release|Any CPU
		{2167F289-C80B-40DE-BC97-98210A5B4CD7}.Debug|Any CPU.ActiveCfg = Debug|Any CPU
		{2167F289-C80B-40DE-BC97-98210A5B4CD7}.Debug|Any CPU.Build.0 = Debug|Any CPU
		{2167F289-C80B-40DE-BC97-98210A5B4CD7}.Release|Any CPU.ActiveCfg = Release|Any CPU
		{2167F289-C80B-40DE-BC97-98210A5B4CD7}.Release|Any CPU.Build.0 = Release|Any CPU
		{3ADF1960-AB92-4771-BBB3-502537622AE7}.Debug|Any CPU.ActiveCfg = Debug|Any CPU
		{3ADF1960-AB92-4771-BBB3-502537622AE7}.Debug|Any CPU.Build.0 = Debug|Any CPU
		{3ADF1960-AB92-4771-BBB3-502537622AE7}.Release|Any CPU.ActiveCfg = Release|Any CPU
		{3ADF1960-AB92-4771-BBB3-502537622AE7}.Release|Any CPU.Build.0 = Release|Any CPU
		{6BAD100A-0436-4DCA-900C-4D66A4CB91B2}.Debug|Any CPU.ActiveCfg = Debug|Any CPU
		{6BAD100A-0436-4DCA-900C-4D66A4CB91B2}.Debug|Any CPU.Build.0 = Debug|Any CPU
		{6BAD100A-0436-4DCA-900C-4D66A4CB91B2}.Release|Any CPU.ActiveCfg = Release|Any CPU
		{6BAD100A-0436-4DCA-900C-4D66A4CB91B2}.Release|Any CPU.Build.0 = Release|Any CPU
		{4F857AA7-90B0-42B9-AB34-7BCAF91492AF}.Debug|Any CPU.ActiveCfg = Debug|Any CPU
		{4F857AA7-90B0-42B9-AB34-7BCAF91492AF}.Debug|Any CPU.Build.0 = Debug|Any CPU
		{4F857AA7-90B0-42B9-AB34-7BCAF91492AF}.Release|Any CPU.ActiveCfg = Release|Any CPU
		{4F857AA7-90B0-42B9-AB34-7BCAF91492AF}.Release|Any CPU.Build.0 = Release|Any CPU
		{06E0DC77-EF20-426D-8D48-CFBA6D6F8777}.Debug|Any CPU.ActiveCfg = Debug|Any CPU
		{06E0DC77-EF20-426D-8D48-CFBA6D6F8777}.Debug|Any CPU.Build.0 = Debug|Any CPU
		{06E0DC77-EF20-426D-8D48-CFBA6D6F8777}.Release|Any CPU.ActiveCfg = Release|Any CPU
		{06E0DC77-EF20-426D-8D48-CFBA6D6F8777}.Release|Any CPU.Build.0 = Release|Any CPU
		{0EFDD780-4E6F-4541-A7B0-37B015E77E80}.Debug|Any CPU.ActiveCfg = Debug|Any CPU
		{0EFDD780-4E6F-4541-A7B0-37B015E77E80}.Debug|Any CPU.Build.0 = Debug|Any CPU
		{0EFDD780-4E6F-4541-A7B0-37B015E77E80}.Release|Any CPU.ActiveCfg = Release|Any CPU
		{0EFDD780-4E6F-4541-A7B0-37B015E77E80}.Release|Any CPU.Build.0 = Release|Any CPU
		{0EF7D099-F74F-4CA6-835A-AC19A8CDF139}.Debug|Any CPU.ActiveCfg = Debug|Any CPU
		{0EF7D099-F74F-4CA6-835A-AC19A8CDF139}.Debug|Any CPU.Build.0 = Debug|Any CPU
		{0EF7D099-F74F-4CA6-835A-AC19A8CDF139}.Release|Any CPU.ActiveCfg = Release|Any CPU
		{0EF7D099-F74F-4CA6-835A-AC19A8CDF139}.Release|Any CPU.Build.0 = Release|Any CPU
		{05F81FAF-5353-473A-A458-5F3EEF14AC23}.Debug|Any CPU.ActiveCfg = Debug|Any CPU
		{05F81FAF-5353-473A-A458-5F3EEF14AC23}.Debug|Any CPU.Build.0 = Debug|Any CPU
		{05F81FAF-5353-473A-A458-5F3EEF14AC23}.Release|Any CPU.ActiveCfg = Release|Any CPU
		{05F81FAF-5353-473A-A458-5F3EEF14AC23}.Release|Any CPU.Build.0 = Release|Any CPU
		{1D468D49-3294-430C-A69D-55152EA8BD6F}.Debug|Any CPU.ActiveCfg = Debug|Any CPU
		{1D468D49-3294-430C-A69D-55152EA8BD6F}.Debug|Any CPU.Build.0 = Debug|Any CPU
		{1D468D49-3294-430C-A69D-55152EA8BD6F}.Release|Any CPU.ActiveCfg = Release|Any CPU
		{1D468D49-3294-430C-A69D-55152EA8BD6F}.Release|Any CPU.Build.0 = Release|Any CPU
		{602D1BBF-B912-466B-A9C6-6DCADBF87291}.Debug|Any CPU.ActiveCfg = Debug|Any CPU
		{602D1BBF-B912-466B-A9C6-6DCADBF87291}.Debug|Any CPU.Build.0 = Debug|Any CPU
		{602D1BBF-B912-466B-A9C6-6DCADBF87291}.Release|Any CPU.ActiveCfg = Release|Any CPU
		{602D1BBF-B912-466B-A9C6-6DCADBF87291}.Release|Any CPU.Build.0 = Release|Any CPU
		{1BF39A34-103C-41DE-995F-C7BBFE03A9DA}.Debug|Any CPU.ActiveCfg = Debug|Any CPU
		{1BF39A34-103C-41DE-995F-C7BBFE03A9DA}.Debug|Any CPU.Build.0 = Debug|Any CPU
		{1BF39A34-103C-41DE-995F-C7BBFE03A9DA}.Release|Any CPU.ActiveCfg = Release|Any CPU
		{1BF39A34-103C-41DE-995F-C7BBFE03A9DA}.Release|Any CPU.Build.0 = Release|Any CPU
		{63939537-3051-4BEA-A417-776E95A9CED7}.Debug|Any CPU.ActiveCfg = Debug|Any CPU
		{63939537-3051-4BEA-A417-776E95A9CED7}.Debug|Any CPU.Build.0 = Debug|Any CPU
		{63939537-3051-4BEA-A417-776E95A9CED7}.Release|Any CPU.ActiveCfg = Release|Any CPU
		{63939537-3051-4BEA-A417-776E95A9CED7}.Release|Any CPU.Build.0 = Release|Any CPU
		{A3050F16-68A7-43B5-834F-04CED928B052}.Debug|Any CPU.ActiveCfg = Debug|Any CPU
		{A3050F16-68A7-43B5-834F-04CED928B052}.Debug|Any CPU.Build.0 = Debug|Any CPU
		{A3050F16-68A7-43B5-834F-04CED928B052}.Release|Any CPU.ActiveCfg = Release|Any CPU
		{A3050F16-68A7-43B5-834F-04CED928B052}.Release|Any CPU.Build.0 = Release|Any CPU
	EndGlobalSection
	GlobalSection(SolutionProperties) = preSolution
		HideSolutionNode = FALSE
	EndGlobalSection
	GlobalSection(NestedProjects) = preSolution
		{EDE1D872-91FB-4983-8833-DDF0E79A0F27} = {CB25322D-E136-4263-BF0F-90BD8309867C}
		{E94D6FFB-1C99-44C2-84E9-2A62664C1B97} = {EDE1D872-91FB-4983-8833-DDF0E79A0F27}
		{2167F289-C80B-40DE-BC97-98210A5B4CD7} = {89ACC9D1-646F-4DE8-B477-B0D371F84B9D}
		{3ADF1960-AB92-4771-BBB3-502537622AE7} = {194A31B6-8DFC-4FA9-A779-8073A6AF9DFE}
		{E3A917DD-B0F7-4927-8613-F6A48E6EDF0D} = {CB25322D-E136-4263-BF0F-90BD8309867C}
		{6BAD100A-0436-4DCA-900C-4D66A4CB91B2} = {E3A917DD-B0F7-4927-8613-F6A48E6EDF0D}
		{77BC0578-4250-4486-9BB3-1A4DF2765121} = {CB25322D-E136-4263-BF0F-90BD8309867C}
		{4F857AA7-90B0-42B9-AB34-7BCAF91492AF} = {77BC0578-4250-4486-9BB3-1A4DF2765121}
		{A5C6C28F-E53A-4034-8713-68F8F42A851A} = {CB25322D-E136-4263-BF0F-90BD8309867C}
		{06E0DC77-EF20-426D-8D48-CFBA6D6F8777} = {A5C6C28F-E53A-4034-8713-68F8F42A851A}
		{F4E5C40D-267D-4FED-8C38-42E8C11A8DB8} = {CB25322D-E136-4263-BF0F-90BD8309867C}
		{0EFDD780-4E6F-4541-A7B0-37B015E77E80} = {F4E5C40D-267D-4FED-8C38-42E8C11A8DB8}
		{0EF7D099-F74F-4CA6-835A-AC19A8CDF139} = {F4E5C40D-267D-4FED-8C38-42E8C11A8DB8}
		{05F81FAF-5353-473A-A458-5F3EEF14AC23} = {F4E5C40D-267D-4FED-8C38-42E8C11A8DB8}
		{1D468D49-3294-430C-A69D-55152EA8BD6F} = {F4E5C40D-267D-4FED-8C38-42E8C11A8DB8}
		{602D1BBF-B912-466B-A9C6-6DCADBF87291} = {F4E5C40D-267D-4FED-8C38-42E8C11A8DB8}
		{6CFE8318-C6D9-4F20-ACC6-9664EB827C8C} = {CB25322D-E136-4263-BF0F-90BD8309867C}
		{1BF39A34-103C-41DE-995F-C7BBFE03A9DA} = {6CFE8318-C6D9-4F20-ACC6-9664EB827C8C}
		{63939537-3051-4BEA-A417-776E95A9CED7} = {05D2C455-4B27-4BD7-AB3B-1825084664F7}
		{A3050F16-68A7-43B5-834F-04CED928B052} = {F566AC8C-8FBD-4AA4-A6E4-A3AC5D842415}
	EndGlobalSection
	GlobalSection(ExtensibilityGlobals) = postSolution
		SolutionGuid = {6C0E51D7-A317-4D61-BC87-B20934541A55}
	EndGlobalSection
EndGlobal
